
Microsoft Visual Studio Solution File, Format Version 12.00
# Visual Studio Version 17
VisualStudioVersion = 17.7.34003.232
MinimumVisualStudioVersion = 10.0.40219.1
Project("{FAE04EC0-301F-11D3-BF4B-00C04F79EFBC}") = "WinFormsApp1", "WinFormsApp1\WinFormsApp1.csproj", "{0DC6393A-D447-4CE2-9C1D-ADD98563B7ED}"
EndProject
Global
	GlobalSection(SolutionConfigurationPlatforms) = preSolution
		Debug|Any CPU = Debug|Any CPU
		Release|Any CPU = Release|Any CPU
	EndGlobalSection
	GlobalSection(ProjectConfigurationPlatforms) = postSolution
		{0DC6393A-D447-4CE2-9C1D-ADD98563B7ED}.Debug|Any CPU.ActiveCfg = Debug|Any CPU
		{0DC6393A-D447-4CE2-9C1D-ADD98563B7ED}.Debug|Any CPU.Build.0 = Debug|Any CPU
		{0DC6393A-D447-4CE2-9C1D-ADD98563B7ED}.Release|Any CPU.ActiveCfg = Release|Any CPU
		{0DC6393A-D447-4CE2-9C1D-ADD98563B7ED}.Release|Any CPU.Build.0 = Release|Any CPU
	EndGlobalSection
	GlobalSection(SolutionProperties) = preSolution
		HideSolutionNode = FALSE
	EndGlobalSection
	GlobalSection(ExtensibilityGlobals) = postSolution
		SolutionGuid = {DAA8E998-7F1C-41BE-B923-6C227ED60DC5}
	EndGlobalSection
EndGlobal
